// !$*UTF8*$!
{
	archiveVersion = 1;
	classes = {
	};
	objectVersion = 50;
	objects = {

/* Begin PBXBuildFile section */
		27471EAE2659F9C700CE3E47 /* AppDelegate.swift in Sources */ = {isa = PBXBuildFile; fileRef = 27471EAD2659F9C700CE3E47 /* AppDelegate.swift */; };
		27471EB02659F9C700CE3E47 /* SceneDelegate.swift in Sources */ = {isa = PBXBuildFile; fileRef = 27471EAF2659F9C700CE3E47 /* SceneDelegate.swift */; };
		27471EB22659F9C700CE3E47 /* ViewController.swift in Sources */ = {isa = PBXBuildFile; fileRef = 27471EB12659F9C700CE3E47 /* ViewController.swift */; };
		27471EB52659F9C700CE3E47 /* Main.storyboard in Resources */ = {isa = PBXBuildFile; fileRef = 27471EB32659F9C700CE3E47 /* Main.storyboard */; };
		27471EB72659F9CA00CE3E47 /* Assets.xcassets in Resources */ = {isa = PBXBuildFile; fileRef = 27471EB62659F9CA00CE3E47 /* Assets.xcassets */; };
		27471EBA2659F9CA00CE3E47 /* LaunchScreen.storyboard in Resources */ = {isa = PBXBuildFile; fileRef = 27471EB82659F9CA00CE3E47 /* LaunchScreen.storyboard */; };
		27471EC52659F9CA00CE3E47 /* GitHubTests.swift in Sources */ = {isa = PBXBuildFile; fileRef = 27471EC42659F9CA00CE3E47 /* GitHubTests.swift */; };
		27471ED02659F9CA00CE3E47 /* GitHubUITests.swift in Sources */ = {isa = PBXBuildFile; fileRef = 27471ECF2659F9CA00CE3E47 /* GitHubUITests.swift */; };
/* End PBXBuildFile section */

/* Begin PBXContainerItemProxy section */
		27471EC12659F9CA00CE3E47 /* PBXContainerItemProxy */ = {
			isa = PBXContainerItemProxy;
			containerPortal = 27471EA22659F9C700CE3E47 /* Project object */;
			proxyType = 1;
			remoteGlobalIDString = 27471EA92659F9C700CE3E47;
			remoteInfo = GitHub;
		};
		27471ECC2659F9CA00CE3E47 /* PBXContainerItemProxy */ = {
			isa = PBXContainerItemProxy;
			containerPortal = 27471EA22659F9C700CE3E47 /* Project object */;
			proxyType = 1;
			remoteGlobalIDString = 27471EA92659F9C700CE3E47;
			remoteInfo = GitHub;
		};
/* End PBXContainerItemProxy section */

/* Begin PBXFileReference section */
		27471EAA2659F9C700CE3E47 /* GitHub.app */ = {isa = PBXFileReference; explicitFileType = wrapper.application; includeInIndex = 0; path = GitHub.app; sourceTree = BUILT_PRODUCTS_DIR; };
		27471EAD2659F9C700CE3E47 /* AppDelegate.swift */ = {isa = PBXFileReference; lastKnownFileType = sourcecode.swift; path = AppDelegate.swift; sourceTree = "<group>"; };
		27471EAF2659F9C700CE3E47 /* SceneDelegate.swift */ = {isa = PBXFileReference; lastKnownFileType = sourcecode.swift; path = SceneDelegate.swift; sourceTree = "<group>"; };
		27471EB12659F9C700CE3E47 /* ViewController.swift */ = {isa = PBXFileReference; lastKnownFileType = sourcecode.swift; path = ViewController.swift; sourceTree = "<group>"; };
		27471EB42659F9C700CE3E47 /* Base */ = {isa = PBXFileReference; lastKnownFileType = file.storyboard; name = Base; path = Base.lproj/Main.storyboard; sourceTree = "<group>"; };
		27471EB62659F9CA00CE3E47 /* Assets.xcassets */ = {isa = PBXFileReference; lastKnownFileType = folder.assetcatalog; path = Assets.xcassets; sourceTree = "<group>"; };
		27471EB92659F9CA00CE3E47 /* Base */ = {isa = PBXFileReference; lastKnownFileType = file.storyboard; name = Base; path = Base.lproj/LaunchScreen.storyboard; sourceTree = "<group>"; };
		27471EBB2659F9CA00CE3E47 /* Info.plist */ = {isa = PBXFileReference; lastKnownFileType = text.plist.xml; path = Info.plist; sourceTree = "<group>"; };
		27471EC02659F9CA00CE3E47 /* GitHubTests.xctest */ = {isa = PBXFileReference; explicitFileType = wrapper.cfbundle; includeInIndex = 0; path = GitHubTests.xctest; sourceTree = BUILT_PRODUCTS_DIR; };
		27471EC42659F9CA00CE3E47 /* GitHubTests.swift */ = {isa = PBXFileReference; lastKnownFileType = sourcecode.swift; path = GitHubTests.swift; sourceTree = "<group>"; };
		27471EC62659F9CA00CE3E47 /* Info.plist */ = {isa = PBXFileReference; lastKnownFileType = text.plist.xml; path = Info.plist; sourceTree = "<group>"; };
		27471ECB2659F9CA00CE3E47 /* GitHubUITests.xctest */ = {isa = PBXFileReference; explicitFileType = wrapper.cfbundle; includeInIndex = 0; path = GitHubUITests.xctest; sourceTree = BUILT_PRODUCTS_DIR; };
		27471ECF2659F9CA00CE3E47 /* GitHubUITests.swift */ = {isa = PBXFileReference; lastKnownFileType = sourcecode.swift; path = GitHubUITests.swift; sourceTree = "<group>"; };
		27471ED12659F9CA00CE3E47 /* Info.plist */ = {isa = PBXFileReference; lastKnownFileType = text.plist.xml; path = Info.plist; sourceTree = "<group>"; };
/* End PBXFileReference section */

/* Begin PBXFrameworksBuildPhase section */
		27471EA72659F9C700CE3E47 /* Frameworks */ = {
			isa = PBXFrameworksBuildPhase;
			buildActionMask = 2147483647;
			files = (
			);
			runOnlyForDeploymentPostprocessing = 0;
		};
		27471EBD2659F9CA00CE3E47 /* Frameworks */ = {
			isa = PBXFrameworksBuildPhase;
			buildActionMask = 2147483647;
			files = (
			);
			runOnlyForDeploymentPostprocessing = 0;
		};
		27471EC82659F9CA00CE3E47 /* Frameworks */ = {
			isa = PBXFrameworksBuildPhase;
			buildActionMask = 2147483647;
			files = (
			);
			runOnlyForDeploymentPostprocessing = 0;
		};
/* End PBXFrameworksBuildPhase section */

/* Begin PBXGroup section */
		27471EA12659F9C700CE3E47 = {
			isa = PBXGroup;
			children = (
				27471EAC2659F9C700CE3E47 /* GitHub */,
				27471EC32659F9CA00CE3E47 /* GitHubTests */,
				27471ECE2659F9CA00CE3E47 /* GitHubUITests */,
				27471EAB2659F9C700CE3E47 /* Products */,
			);
			sourceTree = "<group>";
		};
		27471EAB2659F9C700CE3E47 /* Products */ = {
			isa = PBXGroup;
			children = (
				27471EAA2659F9C700CE3E47 /* GitHub.app */,
				27471EC02659F9CA00CE3E47 /* GitHubTests.xctest */,
				27471ECB2659F9CA00CE3E47 /* GitHubUITests.xctest */,
			);
			name = Products;
			sourceTree = "<group>";
		};
		27471EAC2659F9C700CE3E47 /* GitHub */ = {
			isa = PBXGroup;
			children = (
				27471EAD2659F9C700CE3E47 /* AppDelegate.swift */,
				27471EAF2659F9C700CE3E47 /* SceneDelegate.swift */,
				27471EB12659F9C700CE3E47 /* ViewController.swift */,
				27471EB32659F9C700CE3E47 /* Main.storyboard */,
				27471EB62659F9CA00CE3E47 /* Assets.xcassets */,
				27471EB82659F9CA00CE3E47 /* LaunchScreen.storyboard */,
				27471EBB2659F9CA00CE3E47 /* Info.plist */,
			);
			path = GitHub;
			sourceTree = "<group>";
		};
		27471EC32659F9CA00CE3E47 /* GitHubTests */ = {
			isa = PBXGroup;
			children = (
				27471EC42659F9CA00CE3E47 /* GitHubTests.swift */,
				27471EC62659F9CA00CE3E47 /* Info.plist */,
			);
			path = GitHubTests;
			sourceTree = "<group>";
		};
		27471ECE2659F9CA00CE3E47 /* GitHubUITests */ = {
			isa = PBXGroup;
			children = (
				27471ECF2659F9CA00CE3E47 /* GitHubUITests.swift */,
				27471ED12659F9CA00CE3E47 /* Info.plist */,
			);
			path = GitHubUITests;
			sourceTree = "<group>";
		};
/* End PBXGroup section */

/* Begin PBXNativeTarget section */
		27471EA92659F9C700CE3E47 /* GitHub */ = {
			isa = PBXNativeTarget;
			buildConfigurationList = 27471ED42659F9CA00CE3E47 /* Build configuration list for PBXNativeTarget "GitHub" */;
			buildPhases = (
				27471EA62659F9C700CE3E47 /* Sources */,
				27471EA72659F9C700CE3E47 /* Frameworks */,
				27471EA82659F9C700CE3E47 /* Resources */,
			);
			buildRules = (
			);
			dependencies = (
			);
			name = GitHub;
			productName = GitHub;
			productReference = 27471EAA2659F9C700CE3E47 /* GitHub.app */;
			productType = "com.apple.product-type.application";
		};
		27471EBF2659F9CA00CE3E47 /* GitHubTests */ = {
			isa = PBXNativeTarget;
			buildConfigurationList = 27471ED72659F9CA00CE3E47 /* Build configuration list for PBXNativeTarget "GitHubTests" */;
			buildPhases = (
				27471EBC2659F9CA00CE3E47 /* Sources */,
				27471EBD2659F9CA00CE3E47 /* Frameworks */,
				27471EBE2659F9CA00CE3E47 /* Resources */,
			);
			buildRules = (
			);
			dependencies = (
				27471EC22659F9CA00CE3E47 /* PBXTargetDependency */,
			);
			name = GitHubTests;
			productName = GitHubTests;
			productReference = 27471EC02659F9CA00CE3E47 /* GitHubTests.xctest */;
			productType = "com.apple.product-type.bundle.unit-test";
		};
		27471ECA2659F9CA00CE3E47 /* GitHubUITests */ = {
			isa = PBXNativeTarget;
			buildConfigurationList = 27471EDA2659F9CA00CE3E47 /* Build configuration list for PBXNativeTarget "GitHubUITests" */;
			buildPhases = (
				27471EC72659F9CA00CE3E47 /* Sources */,
				27471EC82659F9CA00CE3E47 /* Frameworks */,
				27471EC92659F9CA00CE3E47 /* Resources */,
			);
			buildRules = (
			);
			dependencies = (
				27471ECD2659F9CA00CE3E47 /* PBXTargetDependency */,
			);
			name = GitHubUITests;
			productName = GitHubUITests;
			productReference = 27471ECB2659F9CA00CE3E47 /* GitHubUITests.xctest */;
			productType = "com.apple.product-type.bundle.ui-testing";
		};
/* End PBXNativeTarget section */

/* Begin PBXProject section */
		27471EA22659F9C700CE3E47 /* Project object */ = {
			isa = PBXProject;
			attributes = {
				LastSwiftUpdateCheck = 1240;
				LastUpgradeCheck = 1240;
				TargetAttributes = {
					27471EA92659F9C700CE3E47 = {
						CreatedOnToolsVersion = 12.4;
					};
					27471EBF2659F9CA00CE3E47 = {
						CreatedOnToolsVersion = 12.4;
						TestTargetID = 27471EA92659F9C700CE3E47;
					};
					27471ECA2659F9CA00CE3E47 = {
						CreatedOnToolsVersion = 12.4;
						TestTargetID = 27471EA92659F9C700CE3E47;
					};
				};
			};
			buildConfigurationList = 27471EA52659F9C700CE3E47 /* Build configuration list for PBXProject "GitHub" */;
			compatibilityVersion = "Xcode 9.3";
			developmentRegion = en;
			hasScannedForEncodings = 0;
			knownRegions = (
				en,
				Base,
			);
			mainGroup = 27471EA12659F9C700CE3E47;
			productRefGroup = 27471EAB2659F9C700CE3E47 /* Products */;
			projectDirPath = "";
			projectRoot = "";
			targets = (
				27471EA92659F9C700CE3E47 /* GitHub */,
				27471EBF2659F9CA00CE3E47 /* GitHubTests */,
				27471ECA2659F9CA00CE3E47 /* GitHubUITests */,
			);
		};
/* End PBXProject section */

/* Begin PBXResourcesBuildPhase section */
		27471EA82659F9C700CE3E47 /* Resources */ = {
			isa = PBXResourcesBuildPhase;
			buildActionMask = 2147483647;
			files = (
				27471EBA2659F9CA00CE3E47 /* LaunchScreen.storyboard in Resources */,
				27471EB72659F9CA00CE3E47 /* Assets.xcassets in Resources */,
				27471EB52659F9C700CE3E47 /* Main.storyboard in Resources */,
			);
			runOnlyForDeploymentPostprocessing = 0;
		};
		27471EBE2659F9CA00CE3E47 /* Resources */ = {
			isa = PBXResourcesBuildPhase;
			buildActionMask = 2147483647;
			files = (
			);
			runOnlyForDeploymentPostprocessing = 0;
		};
		27471EC92659F9CA00CE3E47 /* Resources */ = {
			isa = PBXResourcesBuildPhase;
			buildActionMask = 2147483647;
			files = (
			);
			runOnlyForDeploymentPostprocessing = 0;
		};
/* End PBXResourcesBuildPhase section */

/* Begin PBXSourcesBuildPhase section */
		27471EA62659F9C700CE3E47 /* Sources */ = {
			isa = PBXSourcesBuildPhase;
			buildActionMask = 2147483647;
			files = (
				27471EB22659F9C700CE3E47 /* ViewController.swift in Sources */,
				27471EAE2659F9C700CE3E47 /* AppDelegate.swift in Sources */,
				27471EB02659F9C700CE3E47 /* SceneDelegate.swift in Sources */,
			);
			runOnlyForDeploymentPostprocessing = 0;
		};
		27471EBC2659F9CA00CE3E47 /* Sources */ = {
			isa = PBXSourcesBuildPhase;
			buildActionMask = 2147483647;
			files = (
				27471EC52659F9CA00CE3E47 /* GitHubTests.swift in Sources */,
			);
			runOnlyForDeploymentPostprocessing = 0;
		};
		27471EC72659F9CA00CE3E47 /* Sources */ = {
			isa = PBXSourcesBuildPhase;
			buildActionMask = 2147483647;
			files = (
				27471ED02659F9CA00CE3E47 /* GitHubUITests.swift in Sources */,
			);
			runOnlyForDeploymentPostprocessing = 0;
		};
/* End PBXSourcesBuildPhase section */

/* Begin PBXTargetDependency section */
		27471EC22659F9CA00CE3E47 /* PBXTargetDependency */ = {
			isa = PBXTargetDependency;
			target = 27471EA92659F9C700CE3E47 /* GitHub */;
			targetProxy = 27471EC12659F9CA00CE3E47 /* PBXContainerItemProxy */;
		};
		27471ECD2659F9CA00CE3E47 /* PBXTargetDependency */ = {
			isa = PBXTargetDependency;
			target = 27471EA92659F9C700CE3E47 /* GitHub */;
			targetProxy = 27471ECC2659F9CA00CE3E47 /* PBXContainerItemProxy */;
		};
/* End PBXTargetDependency section */

/* Begin PBXVariantGroup section */
		27471EB32659F9C700CE3E47 /* Main.storyboard */ = {
			isa = PBXVariantGroup;
			children = (
				27471EB42659F9C700CE3E47 /* Base */,
			);
			name = Main.storyboard;
			sourceTree = "<group>";
		};
		27471EB82659F9CA00CE3E47 /* LaunchScreen.storyboard */ = {
			isa = PBXVariantGroup;
			children = (
				27471EB92659F9CA00CE3E47 /* Base */,
			);
			name = LaunchScreen.storyboard;
			sourceTree = "<group>";
		};
/* End PBXVariantGroup section */

/* Begin XCBuildConfiguration section */
		27471ED22659F9CA00CE3E47 /* Debug */ = {
			isa = XCBuildConfiguration;
			buildSettings = {
				ALWAYS_SEARCH_USER_PATHS = NO;
				CLANG_ANALYZER_NONNULL = YES;
				CLANG_ANALYZER_NUMBER_OBJECT_CONVERSION = YES_AGGRESSIVE;
				CLANG_CXX_LANGUAGE_STANDARD = "gnu++14";
				CLANG_CXX_LIBRARY = "libc++";
				CLANG_ENABLE_MODULES = YES;
				CLANG_ENABLE_OBJC_ARC = YES;
				CLANG_ENABLE_OBJC_WEAK = YES;
				CLANG_WARN_BLOCK_CAPTURE_AUTORELEASING = YES;
				CLANG_WARN_BOOL_CONVERSION = YES;
				CLANG_WARN_COMMA = YES;
				CLANG_WARN_CONSTANT_CONVERSION = YES;
				CLANG_WARN_DEPRECATED_OBJC_IMPLEMENTATIONS = YES;
				CLANG_WARN_DIRECT_OBJC_ISA_USAGE = YES_ERROR;
				CLANG_WARN_DOCUMENTATION_COMMENTS = YES;
				CLANG_WARN_EMPTY_BODY = YES;
				CLANG_WARN_ENUM_CONVERSION = YES;
				CLANG_WARN_INFINITE_RECURSION = YES;
				CLANG_WARN_INT_CONVERSION = YES;
				CLANG_WARN_NON_LITERAL_NULL_CONVERSION = YES;
				CLANG_WARN_OBJC_IMPLICIT_RETAIN_SELF = YES;
				CLANG_WARN_OBJC_LITERAL_CONVERSION = YES;
				CLANG_WARN_OBJC_ROOT_CLASS = YES_ERROR;
				CLANG_WARN_QUOTED_INCLUDE_IN_FRAMEWORK_HEADER = YES;
				CLANG_WARN_RANGE_LOOP_ANALYSIS = YES;
				CLANG_WARN_STRICT_PROTOTYPES = YES;
				CLANG_WARN_SUSPICIOUS_MOVE = YES;
				CLANG_WARN_UNGUARDED_AVAILABILITY = YES_AGGRESSIVE;
				CLANG_WARN_UNREACHABLE_CODE = YES;
				CLANG_WARN__DUPLICATE_METHOD_MATCH = YES;
				COPY_PHASE_STRIP = NO;
				DEBUG_INFORMATION_FORMAT = dwarf;
				ENABLE_STRICT_OBJC_MSGSEND = YES;
				ENABLE_TESTABILITY = YES;
				GCC_C_LANGUAGE_STANDARD = gnu11;
				GCC_DYNAMIC_NO_PIC = NO;
				GCC_NO_COMMON_BLOCKS = YES;
				GCC_OPTIMIZATION_LEVEL = 0;
				GCC_PREPROCESSOR_DEFINITIONS = (
					"DEBUG=1",
					"$(inherited)",
				);
				GCC_WARN_64_TO_32_BIT_CONVERSION = YES;
				GCC_WARN_ABOUT_RETURN_TYPE = YES_ERROR;
				GCC_WARN_UNDECLARED_SELECTOR = YES;
				GCC_WARN_UNINITIALIZED_AUTOS = YES_AGGRESSIVE;
				GCC_WARN_UNUSED_FUNCTION = YES;
				GCC_WARN_UNUSED_VARIABLE = YES;
				IPHONEOS_DEPLOYMENT_TARGET = 14.4;
				MTL_ENABLE_DEBUG_INFO = INCLUDE_SOURCE;
				MTL_FAST_MATH = YES;
				ONLY_ACTIVE_ARCH = YES;
				SDKROOT = iphoneos;
				SWIFT_ACTIVE_COMPILATION_CONDITIONS = DEBUG;
				SWIFT_OPTIMIZATION_LEVEL = "-Onone";
			};
			name = Debug;
		};
		27471ED32659F9CA00CE3E47 /* Release */ = {
			isa = XCBuildConfiguration;
			buildSettings = {
				ALWAYS_SEARCH_USER_PATHS = NO;
				CLANG_ANALYZER_NONNULL = YES;
				CLANG_ANALYZER_NUMBER_OBJECT_CONVERSION = YES_AGGRESSIVE;
				CLANG_CXX_LANGUAGE_STANDARD = "gnu++14";
				CLANG_CXX_LIBRARY = "libc++";
				CLANG_ENABLE_MODULES = YES;
				CLANG_ENABLE_OBJC_ARC = YES;
				CLANG_ENABLE_OBJC_WEAK = YES;
				CLANG_WARN_BLOCK_CAPTURE_AUTORELEASING = YES;
				CLANG_WARN_BOOL_CONVERSION = YES;
				CLANG_WARN_COMMA = YES;
				CLANG_WARN_CONSTANT_CONVERSION = YES;
				CLANG_WARN_DEPRECATED_OBJC_IMPLEMENTATIONS = YES;
				CLANG_WARN_DIRECT_OBJC_ISA_USAGE = YES_ERROR;
				CLANG_WARN_DOCUMENTATION_COMMENTS = YES;
				CLANG_WARN_EMPTY_BODY = YES;
				CLANG_WARN_ENUM_CONVERSION = YES;
				CLANG_WARN_INFINITE_RECURSION = YES;
				CLANG_WARN_INT_CONVERSION = YES;
				CLANG_WARN_NON_LITERAL_NULL_CONVERSION = YES;
				CLANG_WARN_OBJC_IMPLICIT_RETAIN_SELF = YES;
				CLANG_WARN_OBJC_LITERAL_CONVERSION = YES;
				CLANG_WARN_OBJC_ROOT_CLASS = YES_ERROR;
				CLANG_WARN_QUOTED_INCLUDE_IN_FRAMEWORK_HEADER = YES;
				CLANG_WARN_RANGE_LOOP_ANALYSIS = YES;
				CLANG_WARN_STRICT_PROTOTYPES = YES;
				CLANG_WARN_SUSPICIOUS_MOVE = YES;
				CLANG_WARN_UNGUARDED_AVAILABILITY = YES_AGGRESSIVE;
				CLANG_WARN_UNREACHABLE_CODE = YES;
				CLANG_WARN__DUPLICATE_METHOD_MATCH = YES;
				COPY_PHASE_STRIP = NO;
				DEBUG_INFORMATION_FORMAT = "dwarf-with-dsym";
				ENABLE_NS_ASSERTIONS = NO;
				ENABLE_STRICT_OBJC_MSGSEND = YES;
				GCC_C_LANGUAGE_STANDARD = gnu11;
				GCC_NO_COMMON_BLOCKS = YES;
				GCC_WARN_64_TO_32_BIT_CONVERSION = YES;
				GCC_WARN_ABOUT_RETURN_TYPE = YES_ERROR;
				GCC_WARN_UNDECLARED_SELECTOR = YES;
				GCC_WARN_UNINITIALIZED_AUTOS = YES_AGGRESSIVE;
				GCC_WARN_UNUSED_FUNCTION = YES;
				GCC_WARN_UNUSED_VARIABLE = YES;
				IPHONEOS_DEPLOYMENT_TARGET = 14.4;
				MTL_ENABLE_DEBUG_INFO = NO;
				MTL_FAST_MATH = YES;
				SDKROOT = iphoneos;
				SWIFT_COMPILATION_MODE = wholemodule;
				SWIFT_OPTIMIZATION_LEVEL = "-O";
				VALIDATE_PRODUCT = YES;
			};
			name = Release;
		};
		27471ED52659F9CA00CE3E47 /* Debug */ = {
			isa = XCBuildConfiguration;
			buildSettings = {
				ASSETCATALOG_COMPILER_APPICON_NAME = AppIcon;
				ASSETCATALOG_COMPILER_GLOBAL_ACCENT_COLOR_NAME = AccentColor;
				CODE_SIGN_STYLE = Automatic;
				INFOPLIST_FILE = GitHub/Info.plist;
				LD_RUNPATH_SEARCH_PATHS = (
					"$(inherited)",
					"@executable_path/Frameworks",
				);
				PRODUCT_BUNDLE_IDENTIFIER = GitHub.ikeda.yuchan.GitHub;
				PRODUCT_NAME = "$(TARGET_NAME)";
				SWIFT_VERSION = 5.0;
				TARGETED_DEVICE_FAMILY = "1,2";
			};
			name = Debug;
		};
		27471ED62659F9CA00CE3E47 /* Release */ = {
			isa = XCBuildConfiguration;
			buildSettings = {
				ASSETCATALOG_COMPILER_APPICON_NAME = AppIcon;
				ASSETCATALOG_COMPILER_GLOBAL_ACCENT_COLOR_NAME = AccentColor;
				CODE_SIGN_STYLE = Automatic;
				INFOPLIST_FILE = GitHub/Info.plist;
				LD_RUNPATH_SEARCH_PATHS = (
					"$(inherited)",
					"@executable_path/Frameworks",
				);
				PRODUCT_BUNDLE_IDENTIFIER = GitHub.ikeda.yuchan.GitHub;
				PRODUCT_NAME = "$(TARGET_NAME)";
				SWIFT_VERSION = 5.0;
				TARGETED_DEVICE_FAMILY = "1,2";
			};
			name = Release;
		};
		27471ED82659F9CA00CE3E47 /* Debug */ = {
			isa = XCBuildConfiguration;
			buildSettings = {
				ALWAYS_EMBED_SWIFT_STANDARD_LIBRARIES = YES;
				BUNDLE_LOADER = "$(TEST_HOST)";
				CODE_SIGN_STYLE = Automatic;
				INFOPLIST_FILE = GitHubTests/Info.plist;
				IPHONEOS_DEPLOYMENT_TARGET = 14.4;
				LD_RUNPATH_SEARCH_PATHS = (
					"$(inherited)",
					"@executable_path/Frameworks",
					"@loader_path/Frameworks",
				);
				PRODUCT_BUNDLE_IDENTIFIER = GitHub.ikeda.yuchan.GitHubTests;
				PRODUCT_NAME = "$(TARGET_NAME)";
				SWIFT_VERSION = 5.0;
				TARGETED_DEVICE_FAMILY = "1,2";
				TEST_HOST = "$(BUILT_PRODUCTS_DIR)/GitHub.app/GitHub";
			};
			name = Debug;
		};
		27471ED92659F9CA00CE3E47 /* Release */ = {
			isa = XCBuildConfiguration;
			buildSettings = {
				ALWAYS_EMBED_SWIFT_STANDARD_LIBRARIES = YES;
				BUNDLE_LOADER = "$(TEST_HOST)";
				CODE_SIGN_STYLE = Automatic;
				INFOPLIST_FILE = GitHubTests/Info.plist;
				IPHONEOS_DEPLOYMENT_TARGET = 14.4;
				LD_RUNPATH_SEARCH_PATHS = (
					"$(inherited)",
					"@executable_path/Frameworks",
					"@loader_path/Frameworks",
				);
				PRODUCT_BUNDLE_IDENTIFIER = GitHub.ikeda.yuchan.GitHubTests;
				PRODUCT_NAME = "$(TARGET_NAME)";
				SWIFT_VERSION = 5.0;
				TARGETED_DEVICE_FAMILY = "1,2";
				TEST_HOST = "$(BUILT_PRODUCTS_DIR)/GitHub.app/GitHub";
			};
			name = Release;
		};
		27471EDB2659F9CA00CE3E47 /* Debug */ = {
			isa = XCBuildConfiguration;
			buildSettings = {
				ALWAYS_EMBED_SWIFT_STANDARD_LIBRARIES = YES;
				CODE_SIGN_STYLE = Automatic;
				INFOPLIST_FILE = GitHubUITests/Info.plist;
				LD_RUNPATH_SEARCH_PATHS = (
					"$(inherited)",
					"@executable_path/Frameworks",
					"@loader_path/Frameworks",
				);
				PRODUCT_BUNDLE_IDENTIFIER = GitHub.ikeda.yuchan.GitHubUITests;
				PRODUCT_NAME = "$(TARGET_NAME)";
				SWIFT_VERSION = 5.0;
				TARGETED_DEVICE_FAMILY = "1,2";
				TEST_TARGET_NAME = GitHub;
			};
			name = Debug;
		};
		27471EDC2659F9CA00CE3E47 /* Release */ = {
			isa = XCBuildConfiguration;
			buildSettings = {
				ALWAYS_EMBED_SWIFT_STANDARD_LIBRARIES = YES;
				CODE_SIGN_STYLE = Automatic;
				INFOPLIST_FILE = GitHubUITests/Info.plist;
				LD_RUNPATH_SEARCH_PATHS = (
					"$(inherited)",
					"@executable_path/Frameworks",
					"@loader_path/Frameworks",
				);
				PRODUCT_BUNDLE_IDENTIFIER = GitHub.ikeda.yuchan.GitHubUITests;
				PRODUCT_NAME = "$(TARGET_NAME)";
				SWIFT_VERSION = 5.0;
				TARGETED_DEVICE_FAMILY = "1,2";
				TEST_TARGET_NAME = GitHub;
			};
			name = Release;
		};
/* End XCBuildConfiguration section */

/* Begin XCConfigurationList section */
		27471EA52659F9C700CE3E47 /* Build configuration list for PBXProject "GitHub" */ = {
			isa = XCConfigurationList;
			buildConfigurations = (
				27471ED22659F9CA00CE3E47 /* Debug */,
				27471ED32659F9CA00CE3E47 /* Release */,
			);
			defaultConfigurationIsVisible = 0;
			defaultConfigurationName = Release;
		};
		27471ED42659F9CA00CE3E47 /* Build configuration list for PBXNativeTarget "GitHub" */ = {
			isa = XCConfigurationList;
			buildConfigurations = (
				27471ED52659F9CA00CE3E47 /* Debug */,
				27471ED62659F9CA00CE3E47 /* Release */,
			);
			defaultConfigurationIsVisible = 0;
			defaultConfigurationName = Release;
		};
		27471ED72659F9CA00CE3E47 /* Build configuration list for PBXNativeTarget "GitHubTests" */ = {
			isa = XCConfigurationList;
			buildConfigurations = (
				27471ED82659F9CA00CE3E47 /* Debug */,
				27471ED92659F9CA00CE3E47 /* Release */,
			);
			defaultConfigurationIsVisible = 0;
			defaultConfigurationName = Release;
		};
		27471EDA2659F9CA00CE3E47 /* Build configuration list for PBXNativeTarget "GitHubUITests" */ = {
			isa = XCConfigurationList;
			buildConfigurations = (
				27471EDB2659F9CA00CE3E47 /* Debug */,
				27471EDC2659F9CA00CE3E47 /* Release */,
			);
			defaultConfigurationIsVisible = 0;
			defaultConfigurationName = Release;
		};
/* End XCConfigurationList section */
	};
	rootObject = 27471EA22659F9C700CE3E47 /* Project object */;
}
